// !$*UTF8*$!
{
	archiveVersion = 1;
	classes = {
	};
	objectVersion = 46;
	objects = {

/* Begin PBXBuildFile section */
		D466EA621AF04D2E00B1E752 /* main.m in Sources */ = {isa = PBXBuildFile; fileRef = D466EA611AF04D2E00B1E752 /* main.m */; };
		D466EA651AF04D2E00B1E752 /* AppDelegate.m in Sources */ = {isa = PBXBuildFile; fileRef = D466EA641AF04D2E00B1E752 /* AppDelegate.m */; };
		D466EA6D1AF04D2E00B1E752 /* Images.xcassets in Resources */ = {isa = PBXBuildFile; fileRef = D466EA6C1AF04D2E00B1E752 /* Images.xcassets */; };
		D466EA701AF04D2E00B1E752 /* LaunchScreen.xib in Resources */ = {isa = PBXBuildFile; fileRef = D466EA6E1AF04D2E00B1E752 /* LaunchScreen.xib */; };
		D466EA7C1AF04D2E00B1E752 /* Database_II_Project_V3Tests.m in Sources */ = {isa = PBXBuildFile; fileRef = D466EA7B1AF04D2E00B1E752 /* Database_II_Project_V3Tests.m */; };
		D466EA8B1AF04D4400B1E752 /* FirstViewController.m in Sources */ = {isa = PBXBuildFile; fileRef = D466EA861AF04D4400B1E752 /* FirstViewController.m */; };
		D466EA8C1AF04D4400B1E752 /* Master.m in Sources */ = {isa = PBXBuildFile; fileRef = D466EA881AF04D4400B1E752 /* Master.m */; };
		D466EA8D1AF04D4400B1E752 /* PlayerModel.m in Sources */ = {isa = PBXBuildFile; fileRef = D466EA8A1AF04D4400B1E752 /* PlayerModel.m */; };
		D466EA941AF04DEE00B1E752 /* Main.storyboard in Resources */ = {isa = PBXBuildFile; fileRef = D466EA921AF04DEE00B1E752 /* Main.storyboard */; };
		D466EA9B1AF051FD00B1E752 /* DataClass.m in Sources */ = {isa = PBXBuildFile; fileRef = D466EA9A1AF051FD00B1E752 /* DataClass.m */; };
/* End PBXBuildFile section */

/* Begin PBXContainerItemProxy section */
		D466EA761AF04D2E00B1E752 /* PBXContainerItemProxy */ = {
			isa = PBXContainerItemProxy;
			containerPortal = D466EA541AF04D2E00B1E752 /* Project object */;
			proxyType = 1;
			remoteGlobalIDString = D466EA5B1AF04D2E00B1E752;
			remoteInfo = "Database II Project V3";
		};
/* End PBXContainerItemProxy section */

/* Begin PBXFileReference section */
		D466EA5C1AF04D2E00B1E752 /* Database II Project V3.app */ = {isa = PBXFileReference; explicitFileType = wrapper.application; includeInIndex = 0; path = "Database II Project V3.app"; sourceTree = BUILT_PRODUCTS_DIR; };
		D466EA601AF04D2E00B1E752 /* Info.plist */ = {isa = PBXFileReference; lastKnownFileType = text.plist.xml; path = Info.plist; sourceTree = "<group>"; };
		D466EA611AF04D2E00B1E752 /* main.m */ = {isa = PBXFileReference; lastKnownFileType = sourcecode.c.objc; path = main.m; sourceTree = "<group>"; };
		D466EA631AF04D2E00B1E752 /* AppDelegate.h */ = {isa = PBXFileReference; lastKnownFileType = sourcecode.c.h; path = AppDelegate.h; sourceTree = "<group>"; };
		D466EA641AF04D2E00B1E752 /* AppDelegate.m */ = {isa = PBXFileReference; lastKnownFileType = sourcecode.c.objc; path = AppDelegate.m; sourceTree = "<group>"; };
		D466EA6C1AF04D2E00B1E752 /* Images.xcassets */ = {isa = PBXFileReference; lastKnownFileType = folder.assetcatalog; path = Images.xcassets; sourceTree = "<group>"; };
		D466EA6F1AF04D2E00B1E752 /* Base */ = {isa = PBXFileReference; lastKnownFileType = file.xib; name = Base; path = Base.lproj/LaunchScreen.xib; sourceTree = "<group>"; };
		D466EA751AF04D2E00B1E752 /* Database II Project V3Tests.xctest */ = {isa = PBXFileReference; explicitFileType = wrapper.cfbundle; includeInIndex = 0; path = "Database II Project V3Tests.xctest"; sourceTree = BUILT_PRODUCTS_DIR; };
		D466EA7A1AF04D2E00B1E752 /* Info.plist */ = {isa = PBXFileReference; lastKnownFileType = text.plist.xml; path = Info.plist; sourceTree = "<group>"; };
		D466EA7B1AF04D2E00B1E752 /* Database_II_Project_V3Tests.m */ = {isa = PBXFileReference; lastKnownFileType = sourcecode.c.objc; path = Database_II_Project_V3Tests.m; sourceTree = "<group>"; };
		D466EA851AF04D4400B1E752 /* FirstViewController.h */ = {isa = PBXFileReference; fileEncoding = 4; lastKnownFileType = sourcecode.c.h; path = FirstViewController.h; sourceTree = "<group>"; };
		D466EA861AF04D4400B1E752 /* FirstViewController.m */ = {isa = PBXFileReference; fileEncoding = 4; lastKnownFileType = sourcecode.c.objc; path = FirstViewController.m; sourceTree = "<group>"; };
		D466EA871AF04D4400B1E752 /* Master.h */ = {isa = PBXFileReference; fileEncoding = 4; lastKnownFileType = sourcecode.c.h; path = Master.h; sourceTree = "<group>"; };
		D466EA881AF04D4400B1E752 /* Master.m */ = {isa = PBXFileReference; fileEncoding = 4; lastKnownFileType = sourcecode.c.objc; path = Master.m; sourceTree = "<group>"; };
		D466EA891AF04D4400B1E752 /* PlayerModel.h */ = {isa = PBXFileReference; fileEncoding = 4; lastKnownFileType = sourcecode.c.h; path = PlayerModel.h; sourceTree = "<group>"; };
		D466EA8A1AF04D4400B1E752 /* PlayerModel.m */ = {isa = PBXFileReference; fileEncoding = 4; lastKnownFileType = sourcecode.c.objc; path = PlayerModel.m; sourceTree = "<group>"; };
		D466EA931AF04DEE00B1E752 /* Base */ = {isa = PBXFileReference; lastKnownFileType = file.storyboard; name = Base; path = Base.lproj/Main.storyboard; sourceTree = "<group>"; };
		D466EA991AF051FD00B1E752 /* DataClass.h */ = {isa = PBXFileReference; fileEncoding = 4; lastKnownFileType = sourcecode.c.h; path = DataClass.h; sourceTree = "<group>"; };
		D466EA9A1AF051FD00B1E752 /* DataClass.m */ = {isa = PBXFileReference; fileEncoding = 4; lastKnownFileType = sourcecode.c.objc; path = DataClass.m; sourceTree = "<group>"; };
/* End PBXFileReference section */

/* Begin PBXFrameworksBuildPhase section */
		D466EA591AF04D2E00B1E752 /* Frameworks */ = {
			isa = PBXFrameworksBuildPhase;
			buildActionMask = 2147483647;
			files = (
			);
			runOnlyForDeploymentPostprocessing = 0;
		};
		D466EA721AF04D2E00B1E752 /* Frameworks */ = {
			isa = PBXFrameworksBuildPhase;
			buildActionMask = 2147483647;
			files = (
			);
			runOnlyForDeploymentPostprocessing = 0;
		};
/* End PBXFrameworksBuildPhase section */

/* Begin PBXGroup section */
		D466EA531AF04D2E00B1E752 = {
			isa = PBXGroup;
			children = (
				D466EA5E1AF04D2E00B1E752 /* Database II Project V3 */,
				D466EA781AF04D2E00B1E752 /* Database II Project V3Tests */,
				D466EA5D1AF04D2E00B1E752 /* Products */,
			);
			sourceTree = "<group>";
		};
		D466EA5D1AF04D2E00B1E752 /* Products */ = {
			isa = PBXGroup;
			children = (
				D466EA5C1AF04D2E00B1E752 /* Database II Project V3.app */,
				D466EA751AF04D2E00B1E752 /* Database II Project V3Tests.xctest */,
			);
			name = Products;
			sourceTree = "<group>";
		};
		D466EA5E1AF04D2E00B1E752 /* Database II Project V3 */ = {
			isa = PBXGroup;
			children = (
				D466EA631AF04D2E00B1E752 /* AppDelegate.h */,
				D466EA641AF04D2E00B1E752 /* AppDelegate.m */,
				D466EA851AF04D4400B1E752 /* FirstViewController.h */,
				D466EA861AF04D4400B1E752 /* FirstViewController.m */,
				D466EA6C1AF04D2E00B1E752 /* Images.xcassets */,
				D466EA6E1AF04D2E00B1E752 /* LaunchScreen.xib */,
				D466EA921AF04DEE00B1E752 /* Main.storyboard */,
				D466EA871AF04D4400B1E752 /* Master.h */,
				D466EA881AF04D4400B1E752 /* Master.m */,
				D466EA891AF04D4400B1E752 /* PlayerModel.h */,
				D466EA8A1AF04D4400B1E752 /* PlayerModel.m */,
				D466EA5F1AF04D2E00B1E752 /* Supporting Files */,
				D466EA991AF051FD00B1E752 /* DataClass.h */,
				D466EA9A1AF051FD00B1E752 /* DataClass.m */,
			);
			path = "Database II Project V3";
			sourceTree = "<group>";
		};
		D466EA5F1AF04D2E00B1E752 /* Supporting Files */ = {
			isa = PBXGroup;
			children = (
				D466EA601AF04D2E00B1E752 /* Info.plist */,
				D466EA611AF04D2E00B1E752 /* main.m */,
			);
			name = "Supporting Files";
			sourceTree = "<group>";
		};
		D466EA781AF04D2E00B1E752 /* Database II Project V3Tests */ = {
			isa = PBXGroup;
			children = (
				D466EA7B1AF04D2E00B1E752 /* Database_II_Project_V3Tests.m */,
				D466EA791AF04D2E00B1E752 /* Supporting Files */,
			);
			path = "Database II Project V3Tests";
			sourceTree = "<group>";
		};
		D466EA791AF04D2E00B1E752 /* Supporting Files */ = {
			isa = PBXGroup;
			children = (
				D466EA7A1AF04D2E00B1E752 /* Info.plist */,
			);
			name = "Supporting Files";
			sourceTree = "<group>";
		};
/* End PBXGroup section */

/* Begin PBXNativeTarget section */
		D466EA5B1AF04D2E00B1E752 /* Database II Project V3 */ = {
			isa = PBXNativeTarget;
			buildConfigurationList = D466EA7F1AF04D2E00B1E752 /* Build configuration list for PBXNativeTarget "Database II Project V3" */;
			buildPhases = (
				D466EA581AF04D2E00B1E752 /* Sources */,
				D466EA591AF04D2E00B1E752 /* Frameworks */,
				D466EA5A1AF04D2E00B1E752 /* Resources */,
			);
			buildRules = (
			);
			dependencies = (
			);
			name = "Database II Project V3";
			productName = "Database II Project V3";
			productReference = D466EA5C1AF04D2E00B1E752 /* Database II Project V3.app */;
			productType = "com.apple.product-type.application";
		};
		D466EA741AF04D2E00B1E752 /* Database II Project V3Tests */ = {
			isa = PBXNativeTarget;
			buildConfigurationList = D466EA821AF04D2E00B1E752 /* Build configuration list for PBXNativeTarget "Database II Project V3Tests" */;
			buildPhases = (
				D466EA711AF04D2E00B1E752 /* Sources */,
				D466EA721AF04D2E00B1E752 /* Frameworks */,
				D466EA731AF04D2E00B1E752 /* Resources */,
			);
			buildRules = (
			);
			dependencies = (
				D466EA771AF04D2E00B1E752 /* PBXTargetDependency */,
			);
			name = "Database II Project V3Tests";
			productName = "Database II Project V3Tests";
			productReference = D466EA751AF04D2E00B1E752 /* Database II Project V3Tests.xctest */;
			productType = "com.apple.product-type.bundle.unit-test";
		};
/* End PBXNativeTarget section */

/* Begin PBXProject section */
		D466EA541AF04D2E00B1E752 /* Project object */ = {
			isa = PBXProject;
			attributes = {
				LastUpgradeCheck = 0630;
				ORGANIZATIONNAME = "Joey & Jacky";
				TargetAttributes = {
					D466EA5B1AF04D2E00B1E752 = {
						CreatedOnToolsVersion = 6.3.1;
					};
					D466EA741AF04D2E00B1E752 = {
						CreatedOnToolsVersion = 6.3.1;
						TestTargetID = D466EA5B1AF04D2E00B1E752;
					};
				};
			};
			buildConfigurationList = D466EA571AF04D2E00B1E752 /* Build configuration list for PBXProject "Database II Project V3" */;
			compatibilityVersion = "Xcode 3.2";
			developmentRegion = English;
			hasScannedForEncodings = 0;
			knownRegions = (
				en,
				Base,
			);
			mainGroup = D466EA531AF04D2E00B1E752;
			productRefGroup = D466EA5D1AF04D2E00B1E752 /* Products */;
			projectDirPath = "";
			projectRoot = "";
			targets = (
				D466EA5B1AF04D2E00B1E752 /* Database II Project V3 */,
				D466EA741AF04D2E00B1E752 /* Database II Project V3Tests */,
			);
		};
/* End PBXProject section */

/* Begin PBXResourcesBuildPhase section */
		D466EA5A1AF04D2E00B1E752 /* Resources */ = {
			isa = PBXResourcesBuildPhase;
			buildActionMask = 2147483647;
			files = (
				D466EA941AF04DEE00B1E752 /* Main.storyboard in Resources */,
				D466EA701AF04D2E00B1E752 /* LaunchScreen.xib in Resources */,
				D466EA6D1AF04D2E00B1E752 /* Images.xcassets in Resources */,
			);
			runOnlyForDeploymentPostprocessing = 0;
		};
		D466EA731AF04D2E00B1E752 /* Resources */ = {
			isa = PBXResourcesBuildPhase;
			buildActionMask = 2147483647;
			files = (
			);
			runOnlyForDeploymentPostprocessing = 0;
		};
/* End PBXResourcesBuildPhase section */

/* Begin PBXSourcesBuildPhase section */
		D466EA581AF04D2E00B1E752 /* Sources */ = {
			isa = PBXSourcesBuildPhase;
			buildActionMask = 2147483647;
			files = (
				D466EA9B1AF051FD00B1E752 /* DataClass.m in Sources */,
				D466EA8D1AF04D4400B1E752 /* PlayerModel.m in Sources */,
				D466EA651AF04D2E00B1E752 /* AppDelegate.m in Sources */,
				D466EA621AF04D2E00B1E752 /* main.m in Sources */,
				D466EA8B1AF04D4400B1E752 /* FirstViewController.m in Sources */,
				D466EA8C1AF04D4400B1E752 /* Master.m in Sources */,
			);
			runOnlyForDeploymentPostprocessing = 0;
		};
		D466EA711AF04D2E00B1E752 /* Sources */ = {
			isa = PBXSourcesBuildPhase;
			buildActionMask = 2147483647;
			files = (
				D466EA7C1AF04D2E00B1E752 /* Database_II_Project_V3Tests.m in Sources */,
			);
			runOnlyForDeploymentPostprocessing = 0;
		};
/* End PBXSourcesBuildPhase section */

/* Begin PBXTargetDependency section */
		D466EA771AF04D2E00B1E752 /* PBXTargetDependency */ = {
			isa = PBXTargetDependency;
			target = D466EA5B1AF04D2E00B1E752 /* Database II Project V3 */;
			targetProxy = D466EA761AF04D2E00B1E752 /* PBXContainerItemProxy */;
		};
/* End PBXTargetDependency section */

/* Begin PBXVariantGroup section */
		D466EA6E1AF04D2E00B1E752 /* LaunchScreen.xib */ = {
			isa = PBXVariantGroup;
			children = (
				D466EA6F1AF04D2E00B1E752 /* Base */,
			);
			name = LaunchScreen.xib;
			sourceTree = "<group>";
		};
		D466EA921AF04DEE00B1E752 /* Main.storyboard */ = {
			isa = PBXVariantGroup;
			children = (
				D466EA931AF04DEE00B1E752 /* Base */,
			);
			name = Main.storyboard;
			sourceTree = "<group>";
		};
/* End PBXVariantGroup section */

/* Begin XCBuildConfiguration section */
		D466EA7D1AF04D2E00B1E752 /* Debug */ = {
			isa = XCBuildConfiguration;
			buildSettings = {
				ALWAYS_SEARCH_USER_PATHS = NO;
				CLANG_CXX_LANGUAGE_STANDARD = "gnu++0x";
				CLANG_CXX_LIBRARY = "libc++";
				CLANG_ENABLE_MODULES = YES;
				CLANG_ENABLE_OBJC_ARC = YES;
				CLANG_WARN_BOOL_CONVERSION = YES;
				CLANG_WARN_CONSTANT_CONVERSION = YES;
				CLANG_WARN_DIRECT_OBJC_ISA_USAGE = YES_ERROR;
				CLANG_WARN_EMPTY_BODY = YES;
				CLANG_WARN_ENUM_CONVERSION = YES;
				CLANG_WARN_INT_CONVERSION = YES;
				CLANG_WARN_OBJC_ROOT_CLASS = YES_ERROR;
				CLANG_WARN_UNREACHABLE_CODE = YES;
				CLANG_WARN__DUPLICATE_METHOD_MATCH = YES;
				"CODE_SIGN_IDENTITY[sdk=iphoneos*]" = "iPhone Developer";
				COPY_PHASE_STRIP = NO;
				DEBUG_INFORMATION_FORMAT = "dwarf-with-dsym";
				ENABLE_STRICT_OBJC_MSGSEND = YES;
				GCC_C_LANGUAGE_STANDARD = gnu99;
				GCC_DYNAMIC_NO_PIC = NO;
				GCC_NO_COMMON_BLOCKS = YES;
				GCC_OPTIMIZATION_LEVEL = 0;
				GCC_PREPROCESSOR_DEFINITIONS = (
					"DEBUG=1",
					"$(inherited)",
				);
				GCC_SYMBOLS_PRIVATE_EXTERN = NO;
				GCC_WARN_64_TO_32_BIT_CONVERSION = YES;
				GCC_WARN_ABOUT_RETURN_TYPE = YES_ERROR;
				GCC_WARN_UNDECLARED_SELECTOR = YES;
				GCC_WARN_UNINITIALIZED_AUTOS = YES_AGGRESSIVE;
				GCC_WARN_UNUSED_FUNCTION = YES;
				GCC_WARN_UNUSED_VARIABLE = YES;
				IPHONEOS_DEPLOYMENT_TARGET = 8.3;
				MTL_ENABLE_DEBUG_INFO = YES;
				ONLY_ACTIVE_ARCH = YES;
				SDKROOT = iphoneos;
			};
			name = Debug;
		};
		D466EA7E1AF04D2E00B1E752 /* Release */ = {
			isa = XCBuildConfiguration;
			buildSettings = {
				ALWAYS_SEARCH_USER_PATHS = NO;
				CLANG_CXX_LANGUAGE_STANDARD = "gnu++0x";
				CLANG_CXX_LIBRARY = "libc++";
				CLANG_ENABLE_MODULES = YES;
				CLANG_ENABLE_OBJC_ARC = YES;
				CLANG_WARN_BOOL_CONVERSION = YES;
				CLANG_WARN_CONSTANT_CONVERSION = YES;
				CLANG_WARN_DIRECT_OBJC_ISA_USAGE = YES_ERROR;
				CLANG_WARN_EMPTY_BODY = YES;
				CLANG_WARN_ENUM_CONVERSION = YES;
				CLANG_WARN_INT_CONVERSION = YES;
				CLANG_WARN_OBJC_ROOT_CLASS = YES_ERROR;
				CLANG_WARN_UNREACHABLE_CODE = YES;
				CLANG_WARN__DUPLICATE_METHOD_MATCH = YES;
				"CODE_SIGN_IDENTITY[sdk=iphoneos*]" = "iPhone Developer";
				COPY_PHASE_STRIP = NO;
				DEBUG_INFORMATION_FORMAT = "dwarf-with-dsym";
				ENABLE_NS_ASSERTIONS = NO;
				ENABLE_STRICT_OBJC_MSGSEND = YES;
				GCC_C_LANGUAGE_STANDARD = gnu99;
				GCC_NO_COMMON_BLOCKS = YES;
				GCC_WARN_64_TO_32_BIT_CONVERSION = YES;
				GCC_WARN_ABOUT_RETURN_TYPE = YES_ERROR;
				GCC_WARN_UNDECLARED_SELECTOR = YES;
				GCC_WARN_UNINITIALIZED_AUTOS = YES_AGGRESSIVE;
				GCC_WARN_UNUSED_FUNCTION = YES;
				GCC_WARN_UNUSED_VARIABLE = YES;
				IPHONEOS_DEPLOYMENT_TARGET = 8.3;
				MTL_ENABLE_DEBUG_INFO = NO;
				SDKROOT = iphoneos;
				VALIDATE_PRODUCT = YES;
			};
			name = Release;
		};
		D466EA801AF04D2E00B1E752 /* Debug */ = {
			isa = XCBuildConfiguration;
			buildSettings = {
				ASSETCATALOG_COMPILER_APPICON_NAME = AppIcon;
				INFOPLIST_FILE = "Database II Project V3/Info.plist";
				LD_RUNPATH_SEARCH_PATHS = "$(inherited) @executable_path/Frameworks";
				PRODUCT_NAME = "$(TARGET_NAME)";
			};
			name = Debug;
		};
		D466EA811AF04D2E00B1E752 /* Release */ = {
			isa = XCBuildConfiguration;
			buildSettings = {
				ASSETCATALOG_COMPILER_APPICON_NAME = AppIcon;
				INFOPLIST_FILE = "Database II Project V3/Info.plist";
				LD_RUNPATH_SEARCH_PATHS = "$(inherited) @executable_path/Frameworks";
				PRODUCT_NAME = "$(TARGET_NAME)";
			};
			name = Release;
		};
		D466EA831AF04D2E00B1E752 /* Debug */ = {
			isa = XCBuildConfiguration;
			buildSettings = {
				BUNDLE_LOADER = "$(TEST_HOST)";
				FRAMEWORK_SEARCH_PATHS = (
					"$(SDKROOT)/Developer/Library/Frameworks",
					"$(inherited)",
				);
				GCC_PREPROCESSOR_DEFINITIONS = (
					"DEBUG=1",
					"$(inherited)",
				);
				INFOPLIST_FILE = "Database II Project V3Tests/Info.plist";
				LD_RUNPATH_SEARCH_PATHS = "$(inherited) @executable_path/Frameworks @loader_path/Frameworks";
				PRODUCT_NAME = "$(TARGET_NAME)";
				TEST_HOST = "$(BUILT_PRODUCTS_DIR)/Database II Project V3.app/Database II Project V3";
			};
			name = Debug;
		};
		D466EA841AF04D2E00B1E752 /* Release */ = {
			isa = XCBuildConfiguration;
			buildSettings = {
				BUNDLE_LOADER = "$(TEST_HOST)";
				FRAMEWORK_SEARCH_PATHS = (
					"$(SDKROOT)/Developer/Library/Frameworks",
					"$(inherited)",
				);
				INFOPLIST_FILE = "Database II Project V3Tests/Info.plist";
				LD_RUNPATH_SEARCH_PATHS = "$(inherited) @executable_path/Frameworks @loader_path/Frameworks";
				PRODUCT_NAME = "$(TARGET_NAME)";
				TEST_HOST = "$(BUILT_PRODUCTS_DIR)/Database II Project V3.app/Database II Project V3";
			};
			name = Release;
		};
/* End XCBuildConfiguration section */

/* Begin XCConfigurationList section */
		D466EA571AF04D2E00B1E752 /* Build configuration list for PBXProject "Database II Project V3" */ = {
			isa = XCConfigurationList;
			buildConfigurations = (
				D466EA7D1AF04D2E00B1E752 /* Debug */,
				D466EA7E1AF04D2E00B1E752 /* Release */,
			);
			defaultConfigurationIsVisible = 0;
			defaultConfigurationName = Release;
		};
		D466EA7F1AF04D2E00B1E752 /* Build configuration list for PBXNativeTarget "Database II Project V3" */ = {
			isa = XCConfigurationList;
			buildConfigurations = (
				D466EA801AF04D2E00B1E752 /* Debug */,
				D466EA811AF04D2E00B1E752 /* Release */,
			);
			defaultConfigurationIsVisible = 0;
		};
		D466EA821AF04D2E00B1E752 /* Build configuration list for PBXNativeTarget "Database II Project V3Tests" */ = {
			isa = XCConfigurationList;
			buildConfigurations = (
				D466EA831AF04D2E00B1E752 /* Debug */,
				D466EA841AF04D2E00B1E752 /* Release */,
			);
			defaultConfigurationIsVisible = 0;
		};
/* End XCConfigurationList section */
	};
	rootObject = D466EA541AF04D2E00B1E752 /* Project object */;
}
